// !$*UTF8*$!
{
	archiveVersion = 1;
	classes = {
	};
	objectVersion = 56;
	objects = {

/* Begin PBXBuildFile section */
		330F371C2B4FF228004FEEE3 /* PersistenceManager.swift in Sources */ = {isa = PBXBuildFile; fileRef = 330F371B2B4FF228004FEEE3 /* PersistenceManager.swift */; };
		330F371E2B5002E8004FEEE3 /* FavoriteCell.swift in Sources */ = {isa = PBXBuildFile; fileRef = 330F371D2B5002E8004FEEE3 /* FavoriteCell.swift */; };
		330F37212B5018C3004FEEE3 /* GFTabBarController.swift in Sources */ = {isa = PBXBuildFile; fileRef = 330F37202B5018C3004FEEE3 /* GFTabBarController.swift */; };
		330F37672B506D27004FEEE3 /* GFAlertContainerView.swift in Sources */ = {isa = PBXBuildFile; fileRef = 330F37662B506D26004FEEE3 /* GFAlertContainerView.swift */; };
		331785A42B4A9F2900DC0FA4 /* Follower.swift in Sources */ = {isa = PBXBuildFile; fileRef = 331785A32B4A9F2900DC0FA4 /* Follower.swift */; };
		331785A62B4AA7EE00DC0FA4 /* User.swift in Sources */ = {isa = PBXBuildFile; fileRef = 331785A52B4AA7EE00DC0FA4 /* User.swift */; };
		331785A92B4AAEA900DC0FA4 /* NetworkManager.swift in Sources */ = {isa = PBXBuildFile; fileRef = 331785A82B4AAEA900DC0FA4 /* NetworkManager.swift */; };
		331785AC2B4AEF0A00DC0FA4 /* GFError.swift in Sources */ = {isa = PBXBuildFile; fileRef = 331785AB2B4AEF0900DC0FA4 /* GFError.swift */; };
		331785AF2B4AFAC300DC0FA4 /* FollowerCell.swift in Sources */ = {isa = PBXBuildFile; fileRef = 331785AE2B4AFAC300DC0FA4 /* FollowerCell.swift */; };
		33566FC92B4AFCD5004F9C7E /* GFAvatarImageView.swift in Sources */ = {isa = PBXBuildFile; fileRef = 33566FC82B4AFCD5004F9C7E /* GFAvatarImageView.swift */; };
		33566FCB2B4B36EF004F9C7E /* UIHelper.swift in Sources */ = {isa = PBXBuildFile; fileRef = 33566FCA2B4B36EF004F9C7E /* UIHelper.swift */; };
		336128B42B514612008C16C5 /* GFDataLoadingVC.swift in Sources */ = {isa = PBXBuildFile; fileRef = 336128B32B514612008C16C5 /* GFDataLoadingVC.swift */; };
		336128B62B515B92008C16C5 /* UIView+Ext.swift in Sources */ = {isa = PBXBuildFile; fileRef = 336128B52B515B92008C16C5 /* UIView+Ext.swift */; };
		336128B82B517A87008C16C5 /* UITableView+Ext.swift in Sources */ = {isa = PBXBuildFile; fileRef = 336128B72B517A87008C16C5 /* UITableView+Ext.swift */; };
		338429722B4D4200004FAF86 /* GFUserInfoHeaderVC.swift in Sources */ = {isa = PBXBuildFile; fileRef = 338429712B4D4200004FAF86 /* GFUserInfoHeaderVC.swift */; };
		338429742B4D43DB004FAF86 /* GFSecondaryTitleLabel.swift in Sources */ = {isa = PBXBuildFile; fileRef = 338429732B4D43DB004FAF86 /* GFSecondaryTitleLabel.swift */; };
		338429762B4D62D9004FAF86 /* Constants.swift in Sources */ = {isa = PBXBuildFile; fileRef = 338429752B4D62D9004FAF86 /* Constants.swift */; };
		338429782B4DFCE9004FAF86 /* GFItemInfoView.swift in Sources */ = {isa = PBXBuildFile; fileRef = 338429772B4DFCE9004FAF86 /* GFItemInfoView.swift */; };
		338B14BA2B49D28D000375B9 /* AppDelegate.swift in Sources */ = {isa = PBXBuildFile; fileRef = 338B14B92B49D28D000375B9 /* AppDelegate.swift */; };
		338B14BC2B49D28D000375B9 /* SceneDelegate.swift in Sources */ = {isa = PBXBuildFile; fileRef = 338B14BB2B49D28D000375B9 /* SceneDelegate.swift */; };
		338B14C32B49D293000375B9 /* Assets.xcassets in Resources */ = {isa = PBXBuildFile; fileRef = 338B14C22B49D293000375B9 /* Assets.xcassets */; };
		338B14C62B49D293000375B9 /* LaunchScreen.storyboard in Resources */ = {isa = PBXBuildFile; fileRef = 338B14C42B49D293000375B9 /* LaunchScreen.storyboard */; };
		338B14CE2B49E0FD000375B9 /* SearchVC.swift in Sources */ = {isa = PBXBuildFile; fileRef = 338B14CD2B49E0FD000375B9 /* SearchVC.swift */; };
		338B14D02B49E12D000375B9 /* FavoritesListVC.swift in Sources */ = {isa = PBXBuildFile; fileRef = 338B14CF2B49E12D000375B9 /* FavoritesListVC.swift */; };
		338B14D22B49EBBD000375B9 /* GFButton.swift in Sources */ = {isa = PBXBuildFile; fileRef = 338B14D12B49EBBD000375B9 /* GFButton.swift */; };
		338B14D42B49F447000375B9 /* GFTextField.swift in Sources */ = {isa = PBXBuildFile; fileRef = 338B14D32B49F447000375B9 /* GFTextField.swift */; };
		338B14D62B4A06A5000375B9 /* FollowerListVC.swift in Sources */ = {isa = PBXBuildFile; fileRef = 338B14D52B4A06A5000375B9 /* FollowerListVC.swift */; };
		338B14D82B4A0F8B000375B9 /* GFTitleLabel.swift in Sources */ = {isa = PBXBuildFile; fileRef = 338B14D72B4A0F8B000375B9 /* GFTitleLabel.swift */; };
		338B14DA2B4A112D000375B9 /* GFBodyLabel.swift in Sources */ = {isa = PBXBuildFile; fileRef = 338B14D92B4A112D000375B9 /* GFBodyLabel.swift */; };
		338B14DC2B4A11EB000375B9 /* GFAlertVC.swift in Sources */ = {isa = PBXBuildFile; fileRef = 338B14DB2B4A11EB000375B9 /* GFAlertVC.swift */; };
		338B14DE2B4A192A000375B9 /* UIViewController+Ext.swift in Sources */ = {isa = PBXBuildFile; fileRef = 338B14DD2B4A192A000375B9 /* UIViewController+Ext.swift */; };
		33BA950A2B4F211200F6B837 /* GFItemInfoVC.swift in Sources */ = {isa = PBXBuildFile; fileRef = 33BA95092B4F211200F6B837 /* GFItemInfoVC.swift */; };
		33BA950C2B4F254D00F6B837 /* GFRepoItemVC.swift in Sources */ = {isa = PBXBuildFile; fileRef = 33BA950B2B4F254D00F6B837 /* GFRepoItemVC.swift */; };
		33BA950E2B4F285C00F6B837 /* GFFollowerItemVC.swift in Sources */ = {isa = PBXBuildFile; fileRef = 33BA950D2B4F285C00F6B837 /* GFFollowerItemVC.swift */; };
		33BA95112B4F304C00F6B837 /* Dates+Ext.swift in Sources */ = {isa = PBXBuildFile; fileRef = 33BA95102B4F304C00F6B837 /* Dates+Ext.swift */; };
		33BA95132B4F307C00F6B837 /* String+Ext.swift in Sources */ = {isa = PBXBuildFile; fileRef = 33BA95122B4F307C00F6B837 /* String+Ext.swift */; };
		33BCF0862B4C12CC00976576 /* GFEmptyStateView.swift in Sources */ = {isa = PBXBuildFile; fileRef = 33BCF0852B4C12CC00976576 /* GFEmptyStateView.swift */; };
		33BCF0DE2B4C8D1800976576 /* UserInfoVC.swift in Sources */ = {isa = PBXBuildFile; fileRef = 33BCF0DD2B4C8D1800976576 /* UserInfoVC.swift */; };
/* End PBXBuildFile section */

/* Begin PBXFileReference section */
		330F371B2B4FF228004FEEE3 /* PersistenceManager.swift */ = {isa = PBXFileReference; lastKnownFileType = sourcecode.swift; path = PersistenceManager.swift; sourceTree = "<group>"; };
		330F371D2B5002E8004FEEE3 /* FavoriteCell.swift */ = {isa = PBXFileReference; lastKnownFileType = sourcecode.swift; path = FavoriteCell.swift; sourceTree = "<group>"; };
		330F37202B5018C3004FEEE3 /* GFTabBarController.swift */ = {isa = PBXFileReference; lastKnownFileType = sourcecode.swift; path = GFTabBarController.swift; sourceTree = "<group>"; };
		330F37662B506D26004FEEE3 /* GFAlertContainerView.swift */ = {isa = PBXFileReference; lastKnownFileType = sourcecode.swift; path = GFAlertContainerView.swift; sourceTree = "<group>"; };
		331785A32B4A9F2900DC0FA4 /* Follower.swift */ = {isa = PBXFileReference; lastKnownFileType = sourcecode.swift; path = Follower.swift; sourceTree = "<group>"; };
		331785A52B4AA7EE00DC0FA4 /* User.swift */ = {isa = PBXFileReference; lastKnownFileType = sourcecode.swift; path = User.swift; sourceTree = "<group>"; };
		331785A82B4AAEA900DC0FA4 /* NetworkManager.swift */ = {isa = PBXFileReference; lastKnownFileType = sourcecode.swift; path = NetworkManager.swift; sourceTree = "<group>"; };
		331785AB2B4AEF0900DC0FA4 /* GFError.swift */ = {isa = PBXFileReference; lastKnownFileType = sourcecode.swift; path = GFError.swift; sourceTree = "<group>"; };
		331785AE2B4AFAC300DC0FA4 /* FollowerCell.swift */ = {isa = PBXFileReference; lastKnownFileType = sourcecode.swift; path = FollowerCell.swift; sourceTree = "<group>"; };
		33566FC82B4AFCD5004F9C7E /* GFAvatarImageView.swift */ = {isa = PBXFileReference; lastKnownFileType = sourcecode.swift; path = GFAvatarImageView.swift; sourceTree = "<group>"; };
		33566FCA2B4B36EF004F9C7E /* UIHelper.swift */ = {isa = PBXFileReference; lastKnownFileType = sourcecode.swift; path = UIHelper.swift; sourceTree = "<group>"; };
		336128B32B514612008C16C5 /* GFDataLoadingVC.swift */ = {isa = PBXFileReference; lastKnownFileType = sourcecode.swift; name = GFDataLoadingVC.swift; path = "../../../../../../../../Library/Mobile Documents/.Trash/GHFollowers/GHFollowers/Custom Views/ViewControllers/GFDataLoadingVC.swift"; sourceTree = "<group>"; };
		336128B52B515B92008C16C5 /* UIView+Ext.swift */ = {isa = PBXFileReference; lastKnownFileType = sourcecode.swift; path = "UIView+Ext.swift"; sourceTree = "<group>"; };
		336128B72B517A87008C16C5 /* UITableView+Ext.swift */ = {isa = PBXFileReference; lastKnownFileType = sourcecode.swift; path = "UITableView+Ext.swift"; sourceTree = "<group>"; };
		338429712B4D4200004FAF86 /* GFUserInfoHeaderVC.swift */ = {isa = PBXFileReference; lastKnownFileType = sourcecode.swift; path = GFUserInfoHeaderVC.swift; sourceTree = "<group>"; };
		338429732B4D43DB004FAF86 /* GFSecondaryTitleLabel.swift */ = {isa = PBXFileReference; lastKnownFileType = sourcecode.swift; path = GFSecondaryTitleLabel.swift; sourceTree = "<group>"; };
		338429752B4D62D9004FAF86 /* Constants.swift */ = {isa = PBXFileReference; lastKnownFileType = sourcecode.swift; path = Constants.swift; sourceTree = "<group>"; };
		338429772B4DFCE9004FAF86 /* GFItemInfoView.swift */ = {isa = PBXFileReference; lastKnownFileType = sourcecode.swift; path = GFItemInfoView.swift; sourceTree = "<group>"; };
		338B14B62B49D28D000375B9 /* GHFollowers.app */ = {isa = PBXFileReference; explicitFileType = wrapper.application; includeInIndex = 0; path = GHFollowers.app; sourceTree = BUILT_PRODUCTS_DIR; };
		338B14B92B49D28D000375B9 /* AppDelegate.swift */ = {isa = PBXFileReference; lastKnownFileType = sourcecode.swift; path = AppDelegate.swift; sourceTree = "<group>"; };
		338B14BB2B49D28D000375B9 /* SceneDelegate.swift */ = {isa = PBXFileReference; lastKnownFileType = sourcecode.swift; path = SceneDelegate.swift; sourceTree = "<group>"; };
		338B14C22B49D293000375B9 /* Assets.xcassets */ = {isa = PBXFileReference; lastKnownFileType = folder.assetcatalog; path = Assets.xcassets; sourceTree = "<group>"; };
		338B14C52B49D293000375B9 /* Base */ = {isa = PBXFileReference; lastKnownFileType = file.storyboard; name = Base; path = Base.lproj/LaunchScreen.storyboard; sourceTree = "<group>"; };
		338B14C72B49D293000375B9 /* Info.plist */ = {isa = PBXFileReference; lastKnownFileType = text.plist.xml; path = Info.plist; sourceTree = "<group>"; };
		338B14CD2B49E0FD000375B9 /* SearchVC.swift */ = {isa = PBXFileReference; lastKnownFileType = sourcecode.swift; path = SearchVC.swift; sourceTree = "<group>"; };
		338B14CF2B49E12D000375B9 /* FavoritesListVC.swift */ = {isa = PBXFileReference; lastKnownFileType = sourcecode.swift; path = FavoritesListVC.swift; sourceTree = "<group>"; };
		338B14D12B49EBBD000375B9 /* GFButton.swift */ = {isa = PBXFileReference; lastKnownFileType = sourcecode.swift; path = GFButton.swift; sourceTree = "<group>"; };
		338B14D32B49F447000375B9 /* GFTextField.swift */ = {isa = PBXFileReference; lastKnownFileType = sourcecode.swift; path = GFTextField.swift; sourceTree = "<group>"; };
		338B14D52B4A06A5000375B9 /* FollowerListVC.swift */ = {isa = PBXFileReference; lastKnownFileType = sourcecode.swift; path = FollowerListVC.swift; sourceTree = "<group>"; };
		338B14D72B4A0F8B000375B9 /* GFTitleLabel.swift */ = {isa = PBXFileReference; lastKnownFileType = sourcecode.swift; path = GFTitleLabel.swift; sourceTree = "<group>"; };
		338B14D92B4A112D000375B9 /* GFBodyLabel.swift */ = {isa = PBXFileReference; lastKnownFileType = sourcecode.swift; path = GFBodyLabel.swift; sourceTree = "<group>"; };
		338B14DB2B4A11EB000375B9 /* GFAlertVC.swift */ = {isa = PBXFileReference; lastKnownFileType = sourcecode.swift; path = GFAlertVC.swift; sourceTree = "<group>"; };
		338B14DD2B4A192A000375B9 /* UIViewController+Ext.swift */ = {isa = PBXFileReference; lastKnownFileType = sourcecode.swift; path = "UIViewController+Ext.swift"; sourceTree = "<group>"; };
		33BA95092B4F211200F6B837 /* GFItemInfoVC.swift */ = {isa = PBXFileReference; lastKnownFileType = sourcecode.swift; path = GFItemInfoVC.swift; sourceTree = "<group>"; };
		33BA950B2B4F254D00F6B837 /* GFRepoItemVC.swift */ = {isa = PBXFileReference; lastKnownFileType = sourcecode.swift; path = GFRepoItemVC.swift; sourceTree = "<group>"; };
		33BA950D2B4F285C00F6B837 /* GFFollowerItemVC.swift */ = {isa = PBXFileReference; lastKnownFileType = sourcecode.swift; path = GFFollowerItemVC.swift; sourceTree = "<group>"; };
		33BA95102B4F304C00F6B837 /* Dates+Ext.swift */ = {isa = PBXFileReference; lastKnownFileType = sourcecode.swift; path = "Dates+Ext.swift"; sourceTree = "<group>"; };
		33BA95122B4F307C00F6B837 /* String+Ext.swift */ = {isa = PBXFileReference; lastKnownFileType = sourcecode.swift; path = "String+Ext.swift"; sourceTree = "<group>"; };
		33BCF0852B4C12CC00976576 /* GFEmptyStateView.swift */ = {isa = PBXFileReference; lastKnownFileType = sourcecode.swift; path = GFEmptyStateView.swift; sourceTree = "<group>"; };
		33BCF0DD2B4C8D1800976576 /* UserInfoVC.swift */ = {isa = PBXFileReference; lastKnownFileType = sourcecode.swift; path = UserInfoVC.swift; sourceTree = "<group>"; };
/* End PBXFileReference section */

/* Begin PBXFrameworksBuildPhase section */
		338B14B32B49D28D000375B9 /* Frameworks */ = {
			isa = PBXFrameworksBuildPhase;
			buildActionMask = 2147483647;
			files = (
			);
			runOnlyForDeploymentPostprocessing = 0;
		};
/* End PBXFrameworksBuildPhase section */

/* Begin PBXGroup section */
		330F371F2B5018A3004FEEE3 /* TabBarControllers */ = {
			isa = PBXGroup;
			children = (
				330F37202B5018C3004FEEE3 /* GFTabBarController.swift */,
			);
			path = TabBarControllers;
			sourceTree = "<group>";
		};
		3317859E2B4A96D800DC0FA4 /* Screens */ = {
			isa = PBXGroup;
			children = (
				338B14CD2B49E0FD000375B9 /* SearchVC.swift */,
				338B14D52B4A06A5000375B9 /* FollowerListVC.swift */,
				338B14CF2B49E12D000375B9 /* FavoritesListVC.swift */,
				33BCF0DD2B4C8D1800976576 /* UserInfoVC.swift */,
			);
			path = Screens;
			sourceTree = "<group>";
		};
		3317859F2B4A971700DC0FA4 /* Custom Views */ = {
			isa = PBXGroup;
			children = (
				330F371F2B5018A3004FEEE3 /* TabBarControllers */,
				33BCF0842B4C128E00976576 /* Labels */,
				33BCF0832B4C125C00976576 /* ViewControllers */,
				33BCF0822B4C125800976576 /* ImageViews */,
				33BCF0812B4C125200976576 /* TextFields */,
				33BCF0802B4C124F00976576 /* Buttons */,
				33BCF07F2B4C124A00976576 /* Views */,
				331785AD2B4AFA6300DC0FA4 /* Cells */,
			);
			path = "Custom Views";
			sourceTree = "<group>";
		};
		331785A02B4A976600DC0FA4 /* Extensions */ = {
			isa = PBXGroup;
			children = (
				338B14DD2B4A192A000375B9 /* UIViewController+Ext.swift */,
				33BA95102B4F304C00F6B837 /* Dates+Ext.swift */,
				33BA95122B4F307C00F6B837 /* String+Ext.swift */,
				336128B52B515B92008C16C5 /* UIView+Ext.swift */,
				336128B72B517A87008C16C5 /* UITableView+Ext.swift */,
			);
			path = Extensions;
			sourceTree = "<group>";
		};
		331785A12B4A97B600DC0FA4 /* Support */ = {
			isa = PBXGroup;
			children = (
				338B14B92B49D28D000375B9 /* AppDelegate.swift */,
				338B14BB2B49D28D000375B9 /* SceneDelegate.swift */,
				338B14C22B49D293000375B9 /* Assets.xcassets */,
				338B14C42B49D293000375B9 /* LaunchScreen.storyboard */,
				338B14C72B49D293000375B9 /* Info.plist */,
			);
			path = Support;
			sourceTree = "<group>";
		};
		331785A22B4A9F1A00DC0FA4 /* Model */ = {
			isa = PBXGroup;
			children = (
				331785A32B4A9F2900DC0FA4 /* Follower.swift */,
				331785A52B4AA7EE00DC0FA4 /* User.swift */,
			);
			path = Model;
			sourceTree = "<group>";
		};
		331785A72B4AAE9F00DC0FA4 /* Managers */ = {
			isa = PBXGroup;
			children = (
				331785A82B4AAEA900DC0FA4 /* NetworkManager.swift */,
				330F371B2B4FF228004FEEE3 /* PersistenceManager.swift */,
			);
			path = Managers;
			sourceTree = "<group>";
		};
		331785AA2B4AEEF700DC0FA4 /* Utilities */ = {
			isa = PBXGroup;
			children = (
				331785AB2B4AEF0900DC0FA4 /* GFError.swift */,
				338429752B4D62D9004FAF86 /* Constants.swift */,
				33566FCA2B4B36EF004F9C7E /* UIHelper.swift */,
			);
			path = Utilities;
			sourceTree = "<group>";
		};
		331785AD2B4AFA6300DC0FA4 /* Cells */ = {
			isa = PBXGroup;
			children = (
				331785AE2B4AFAC300DC0FA4 /* FollowerCell.swift */,
				330F371D2B5002E8004FEEE3 /* FavoriteCell.swift */,
			);
			path = Cells;
			sourceTree = "<group>";
		};
		338B14AD2B49D28D000375B9 = {
			isa = PBXGroup;
			children = (
				331785AA2B4AEEF700DC0FA4 /* Utilities */,
				338B14B82B49D28D000375B9 /* GHFollowers */,
				338B14B72B49D28D000375B9 /* Products */,
			);
			sourceTree = "<group>";
		};
		338B14B72B49D28D000375B9 /* Products */ = {
			isa = PBXGroup;
			children = (
				338B14B62B49D28D000375B9 /* GHFollowers.app */,
			);
			name = Products;
			sourceTree = "<group>";
		};
		338B14B82B49D28D000375B9 /* GHFollowers */ = {
			isa = PBXGroup;
			children = (
				331785A72B4AAE9F00DC0FA4 /* Managers */,
				331785A22B4A9F1A00DC0FA4 /* Model */,
				331785A02B4A976600DC0FA4 /* Extensions */,
				3317859F2B4A971700DC0FA4 /* Custom Views */,
				3317859E2B4A96D800DC0FA4 /* Screens */,
				331785A12B4A97B600DC0FA4 /* Support */,
			);
			path = GHFollowers;
			sourceTree = "<group>";
		};
		33BA950F2B4F290300F6B837 /* ItemInfoVCs */ = {
			isa = PBXGroup;
			children = (
				33BA950D2B4F285C00F6B837 /* GFFollowerItemVC.swift */,
				33BA950B2B4F254D00F6B837 /* GFRepoItemVC.swift */,
				33BA95092B4F211200F6B837 /* GFItemInfoVC.swift */,
			);
			path = ItemInfoVCs;
			sourceTree = "<group>";
		};
		33BCF07F2B4C124A00976576 /* Views */ = {
			isa = PBXGroup;
			children = (
				33BCF0852B4C12CC00976576 /* GFEmptyStateView.swift */,
				338429772B4DFCE9004FAF86 /* GFItemInfoView.swift */,
				330F37662B506D26004FEEE3 /* GFAlertContainerView.swift */,
			);
			path = Views;
			sourceTree = "<group>";
		};
		33BCF0802B4C124F00976576 /* Buttons */ = {
			isa = PBXGroup;
			children = (
				338B14D12B49EBBD000375B9 /* GFButton.swift */,
			);
			path = Buttons;
			sourceTree = "<group>";
		};
		33BCF0812B4C125200976576 /* TextFields */ = {
			isa = PBXGroup;
			children = (
				338B14D32B49F447000375B9 /* GFTextField.swift */,
			);
			path = TextFields;
			sourceTree = "<group>";
		};
		33BCF0822B4C125800976576 /* ImageViews */ = {
			isa = PBXGroup;
			children = (
				33566FC82B4AFCD5004F9C7E /* GFAvatarImageView.swift */,
			);
			path = ImageViews;
			sourceTree = "<group>";
		};
		33BCF0832B4C125C00976576 /* ViewControllers */ = {
			isa = PBXGroup;
			children = (
				33BA950F2B4F290300F6B837 /* ItemInfoVCs */,
				338B14DB2B4A11EB000375B9 /* GFAlertVC.swift */,
				338429712B4D4200004FAF86 /* GFUserInfoHeaderVC.swift */,
				336128B32B514612008C16C5 /* GFDataLoadingVC.swift */,
			);
			path = ViewControllers;
			sourceTree = "<group>";
		};
		33BCF0842B4C128E00976576 /* Labels */ = {
			isa = PBXGroup;
			children = (
				338B14D72B4A0F8B000375B9 /* GFTitleLabel.swift */,
				338B14D92B4A112D000375B9 /* GFBodyLabel.swift */,
				338429732B4D43DB004FAF86 /* GFSecondaryTitleLabel.swift */,
			);
			path = Labels;
			sourceTree = "<group>";
		};
/* End PBXGroup section */

/* Begin PBXNativeTarget section */
		338B14B52B49D28D000375B9 /* GHFollowers */ = {
			isa = PBXNativeTarget;
			buildConfigurationList = 338B14CA2B49D293000375B9 /* Build configuration list for PBXNativeTarget "GHFollowers" */;
			buildPhases = (
				338B14B22B49D28D000375B9 /* Sources */,
				338B14B32B49D28D000375B9 /* Frameworks */,
				338B14B42B49D28D000375B9 /* Resources */,
			);
			buildRules = (
			);
			dependencies = (
			);
			name = GHFollowers;
			productName = GHFollowers;
			productReference = 338B14B62B49D28D000375B9 /* GHFollowers.app */;
			productType = "com.apple.product-type.application";
		};
/* End PBXNativeTarget section */

/* Begin PBXProject section */
		338B14AE2B49D28D000375B9 /* Project object */ = {
			isa = PBXProject;
			attributes = {
				BuildIndependentTargetsInParallel = 1;
				LastSwiftUpdateCheck = 1510;
				LastUpgradeCheck = 1510;
				TargetAttributes = {
					338B14B52B49D28D000375B9 = {
						CreatedOnToolsVersion = 15.1;
					};
				};
			};
			buildConfigurationList = 338B14B12B49D28D000375B9 /* Build configuration list for PBXProject "GHFollowers" */;
			compatibilityVersion = "Xcode 14.0";
			developmentRegion = en;
			hasScannedForEncodings = 0;
			knownRegions = (
				en,
				Base,
			);
			mainGroup = 338B14AD2B49D28D000375B9;
			productRefGroup = 338B14B72B49D28D000375B9 /* Products */;
			projectDirPath = "";
			projectRoot = "";
			targets = (
				338B14B52B49D28D000375B9 /* GHFollowers */,
			);
		};
/* End PBXProject section */

/* Begin PBXResourcesBuildPhase section */
		338B14B42B49D28D000375B9 /* Resources */ = {
			isa = PBXResourcesBuildPhase;
			buildActionMask = 2147483647;
			files = (
				338B14C62B49D293000375B9 /* LaunchScreen.storyboard in Resources */,
				338B14C32B49D293000375B9 /* Assets.xcassets in Resources */,
			);
			runOnlyForDeploymentPostprocessing = 0;
		};
/* End PBXResourcesBuildPhase section */

/* Begin PBXSourcesBuildPhase section */
		338B14B22B49D28D000375B9 /* Sources */ = {
			isa = PBXSourcesBuildPhase;
			buildActionMask = 2147483647;
			files = (
				331785A62B4AA7EE00DC0FA4 /* User.swift in Sources */,
				338B14D42B49F447000375B9 /* GFTextField.swift in Sources */,
				338B14D02B49E12D000375B9 /* FavoritesListVC.swift in Sources */,
				33BA95132B4F307C00F6B837 /* String+Ext.swift in Sources */,
				338B14D82B4A0F8B000375B9 /* GFTitleLabel.swift in Sources */,
				338B14DE2B4A192A000375B9 /* UIViewController+Ext.swift in Sources */,
				336128B42B514612008C16C5 /* GFDataLoadingVC.swift in Sources */,
				33566FCB2B4B36EF004F9C7E /* UIHelper.swift in Sources */,
				33BA950A2B4F211200F6B837 /* GFItemInfoVC.swift in Sources */,
				338429762B4D62D9004FAF86 /* Constants.swift in Sources */,
				33566FC92B4AFCD5004F9C7E /* GFAvatarImageView.swift in Sources */,
				338B14D22B49EBBD000375B9 /* GFButton.swift in Sources */,
				338B14DC2B4A11EB000375B9 /* GFAlertVC.swift in Sources */,
				33BA95112B4F304C00F6B837 /* Dates+Ext.swift in Sources */,
				33BA950E2B4F285C00F6B837 /* GFFollowerItemVC.swift in Sources */,
				330F371E2B5002E8004FEEE3 /* FavoriteCell.swift in Sources */,
				338429782B4DFCE9004FAF86 /* GFItemInfoView.swift in Sources */,
				330F37212B5018C3004FEEE3 /* GFTabBarController.swift in Sources */,
				331785AF2B4AFAC300DC0FA4 /* FollowerCell.swift in Sources */,
				331785AC2B4AEF0A00DC0FA4 /* GFError.swift in Sources */,
				338429722B4D4200004FAF86 /* GFUserInfoHeaderVC.swift in Sources */,
				336128B82B517A87008C16C5 /* UITableView+Ext.swift in Sources */,
				338B14DA2B4A112D000375B9 /* GFBodyLabel.swift in Sources */,
				330F37672B506D27004FEEE3 /* GFAlertContainerView.swift in Sources */,
				331785A42B4A9F2900DC0FA4 /* Follower.swift in Sources */,
				330F371C2B4FF228004FEEE3 /* PersistenceManager.swift in Sources */,
				33BA950C2B4F254D00F6B837 /* GFRepoItemVC.swift in Sources */,
				338B14CE2B49E0FD000375B9 /* SearchVC.swift in Sources */,
				338429742B4D43DB004FAF86 /* GFSecondaryTitleLabel.swift in Sources */,
				33BCF0862B4C12CC00976576 /* GFEmptyStateView.swift in Sources */,
				331785A92B4AAEA900DC0FA4 /* NetworkManager.swift in Sources */,
				338B14D62B4A06A5000375B9 /* FollowerListVC.swift in Sources */,
				338B14BA2B49D28D000375B9 /* AppDelegate.swift in Sources */,
				336128B62B515B92008C16C5 /* UIView+Ext.swift in Sources */,
				338B14BC2B49D28D000375B9 /* SceneDelegate.swift in Sources */,
				33BCF0DE2B4C8D1800976576 /* UserInfoVC.swift in Sources */,
			);
			runOnlyForDeploymentPostprocessing = 0;
		};
/* End PBXSourcesBuildPhase section */

/* Begin PBXVariantGroup section */
		338B14C42B49D293000375B9 /* LaunchScreen.storyboard */ = {
			isa = PBXVariantGroup;
			children = (
				338B14C52B49D293000375B9 /* Base */,
			);
			name = LaunchScreen.storyboard;
			sourceTree = "<group>";
		};
/* End PBXVariantGroup section */

/* Begin XCBuildConfiguration section */
		338B14C82B49D293000375B9 /* Debug */ = {
			isa = XCBuildConfiguration;
			buildSettings = {
				ALWAYS_SEARCH_USER_PATHS = NO;
				ASSETCATALOG_COMPILER_GENERATE_SWIFT_ASSET_SYMBOL_EXTENSIONS = YES;
				CLANG_ANALYZER_NONNULL = YES;
				CLANG_ANALYZER_NUMBER_OBJECT_CONVERSION = YES_AGGRESSIVE;
				CLANG_CXX_LANGUAGE_STANDARD = "gnu++20";
				CLANG_ENABLE_MODULES = YES;
				CLANG_ENABLE_OBJC_ARC = YES;
				CLANG_ENABLE_OBJC_WEAK = YES;
				CLANG_WARN_BLOCK_CAPTURE_AUTORELEASING = YES;
				CLANG_WARN_BOOL_CONVERSION = YES;
				CLANG_WARN_COMMA = YES;
				CLANG_WARN_CONSTANT_CONVERSION = YES;
				CLANG_WARN_DEPRECATED_OBJC_IMPLEMENTATIONS = YES;
				CLANG_WARN_DIRECT_OBJC_ISA_USAGE = YES_ERROR;
				CLANG_WARN_DOCUMENTATION_COMMENTS = YES;
				CLANG_WARN_EMPTY_BODY = YES;
				CLANG_WARN_ENUM_CONVERSION = YES;
				CLANG_WARN_INFINITE_RECURSION = YES;
				CLANG_WARN_INT_CONVERSION = YES;
				CLANG_WARN_NON_LITERAL_NULL_CONVERSION = YES;
				CLANG_WARN_OBJC_IMPLICIT_RETAIN_SELF = YES;
				CLANG_WARN_OBJC_LITERAL_CONVERSION = YES;
				CLANG_WARN_OBJC_ROOT_CLASS = YES_ERROR;
				CLANG_WARN_QUOTED_INCLUDE_IN_FRAMEWORK_HEADER = YES;
				CLANG_WARN_RANGE_LOOP_ANALYSIS = YES;
				CLANG_WARN_STRICT_PROTOTYPES = YES;
				CLANG_WARN_SUSPICIOUS_MOVE = YES;
				CLANG_WARN_UNGUARDED_AVAILABILITY = YES_AGGRESSIVE;
				CLANG_WARN_UNREACHABLE_CODE = YES;
				CLANG_WARN__DUPLICATE_METHOD_MATCH = YES;
				COPY_PHASE_STRIP = NO;
				DEBUG_INFORMATION_FORMAT = dwarf;
				ENABLE_STRICT_OBJC_MSGSEND = YES;
				ENABLE_TESTABILITY = YES;
				ENABLE_USER_SCRIPT_SANDBOXING = YES;
				GCC_C_LANGUAGE_STANDARD = gnu17;
				GCC_DYNAMIC_NO_PIC = NO;
				GCC_NO_COMMON_BLOCKS = YES;
				GCC_OPTIMIZATION_LEVEL = 0;
				GCC_PREPROCESSOR_DEFINITIONS = (
					"DEBUG=1",
					"$(inherited)",
				);
				GCC_WARN_64_TO_32_BIT_CONVERSION = YES;
				GCC_WARN_ABOUT_RETURN_TYPE = YES_ERROR;
				GCC_WARN_UNDECLARED_SELECTOR = YES;
				GCC_WARN_UNINITIALIZED_AUTOS = YES_AGGRESSIVE;
				GCC_WARN_UNUSED_FUNCTION = YES;
				GCC_WARN_UNUSED_VARIABLE = YES;
				IPHONEOS_DEPLOYMENT_TARGET = 17.2;
				LOCALIZATION_PREFERS_STRING_CATALOGS = YES;
				MTL_ENABLE_DEBUG_INFO = INCLUDE_SOURCE;
				MTL_FAST_MATH = YES;
				ONLY_ACTIVE_ARCH = YES;
				SDKROOT = iphoneos;
				SWIFT_ACTIVE_COMPILATION_CONDITIONS = "DEBUG $(inherited)";
				SWIFT_OPTIMIZATION_LEVEL = "-Onone";
			};
			name = Debug;
		};
		338B14C92B49D293000375B9 /* Release */ = {
			isa = XCBuildConfiguration;
			buildSettings = {
				ALWAYS_SEARCH_USER_PATHS = NO;
				ASSETCATALOG_COMPILER_GENERATE_SWIFT_ASSET_SYMBOL_EXTENSIONS = YES;
				CLANG_ANALYZER_NONNULL = YES;
				CLANG_ANALYZER_NUMBER_OBJECT_CONVERSION = YES_AGGRESSIVE;
				CLANG_CXX_LANGUAGE_STANDARD = "gnu++20";
				CLANG_ENABLE_MODULES = YES;
				CLANG_ENABLE_OBJC_ARC = YES;
				CLANG_ENABLE_OBJC_WEAK = YES;
				CLANG_WARN_BLOCK_CAPTURE_AUTORELEASING = YES;
				CLANG_WARN_BOOL_CONVERSION = YES;
				CLANG_WARN_COMMA = YES;
				CLANG_WARN_CONSTANT_CONVERSION = YES;
				CLANG_WARN_DEPRECATED_OBJC_IMPLEMENTATIONS = YES;
				CLANG_WARN_DIRECT_OBJC_ISA_USAGE = YES_ERROR;
				CLANG_WARN_DOCUMENTATION_COMMENTS = YES;
				CLANG_WARN_EMPTY_BODY = YES;
				CLANG_WARN_ENUM_CONVERSION = YES;
				CLANG_WARN_INFINITE_RECURSION = YES;
				CLANG_WARN_INT_CONVERSION = YES;
				CLANG_WARN_NON_LITERAL_NULL_CONVERSION = YES;
				CLANG_WARN_OBJC_IMPLICIT_RETAIN_SELF = YES;
				CLANG_WARN_OBJC_LITERAL_CONVERSION = YES;
				CLANG_WARN_OBJC_ROOT_CLASS = YES_ERROR;
				CLANG_WARN_QUOTED_INCLUDE_IN_FRAMEWORK_HEADER = YES;
				CLANG_WARN_RANGE_LOOP_ANALYSIS = YES;
				CLANG_WARN_STRICT_PROTOTYPES = YES;
				CLANG_WARN_SUSPICIOUS_MOVE = YES;
				CLANG_WARN_UNGUARDED_AVAILABILITY = YES_AGGRESSIVE;
				CLANG_WARN_UNREACHABLE_CODE = YES;
				CLANG_WARN__DUPLICATE_METHOD_MATCH = YES;
				COPY_PHASE_STRIP = NO;
				DEBUG_INFORMATION_FORMAT = "dwarf-with-dsym";
				ENABLE_NS_ASSERTIONS = NO;
				ENABLE_STRICT_OBJC_MSGSEND = YES;
				ENABLE_USER_SCRIPT_SANDBOXING = YES;
				GCC_C_LANGUAGE_STANDARD = gnu17;
				GCC_NO_COMMON_BLOCKS = YES;
				GCC_WARN_64_TO_32_BIT_CONVERSION = YES;
				GCC_WARN_ABOUT_RETURN_TYPE = YES_ERROR;
				GCC_WARN_UNDECLARED_SELECTOR = YES;
				GCC_WARN_UNINITIALIZED_AUTOS = YES_AGGRESSIVE;
				GCC_WARN_UNUSED_FUNCTION = YES;
				GCC_WARN_UNUSED_VARIABLE = YES;
				IPHONEOS_DEPLOYMENT_TARGET = 17.2;
				LOCALIZATION_PREFERS_STRING_CATALOGS = YES;
				MTL_ENABLE_DEBUG_INFO = NO;
				MTL_FAST_MATH = YES;
				SDKROOT = iphoneos;
				SWIFT_COMPILATION_MODE = wholemodule;
				VALIDATE_PRODUCT = YES;
			};
			name = Release;
		};
		338B14CB2B49D293000375B9 /* Debug */ = {
			isa = XCBuildConfiguration;
			buildSettings = {
				ASSETCATALOG_COMPILER_APPICON_NAME = AppIcon;
				ASSETCATALOG_COMPILER_GLOBAL_ACCENT_COLOR_NAME = AccentColor;
				CODE_SIGN_STYLE = Automatic;
				CURRENT_PROJECT_VERSION = 1;
				DEVELOPMENT_TEAM = TXZ76G94KG;
				GENERATE_INFOPLIST_FILE = YES;
				INFOPLIST_FILE = GHFollowers/Support/Info.plist;
				INFOPLIST_KEY_UIApplicationSupportsIndirectInputEvents = YES;
				INFOPLIST_KEY_UILaunchStoryboardName = LaunchScreen;
				INFOPLIST_KEY_UISupportedInterfaceOrientations = UIInterfaceOrientationPortrait;
				INFOPLIST_KEY_UISupportedInterfaceOrientations_iPad = "UIInterfaceOrientationLandscapeLeft UIInterfaceOrientationLandscapeRight UIInterfaceOrientationPortrait UIInterfaceOrientationPortraitUpsideDown";
				LD_RUNPATH_SEARCH_PATHS = (
					"$(inherited)",
					"@executable_path/Frameworks",
				);
				MARKETING_VERSION = 1.0;
				PRODUCT_BUNDLE_IDENTIFIER = com.cerengunes.GHFollowers;
				PRODUCT_NAME = "$(TARGET_NAME)";
				SUPPORTED_PLATFORMS = "iphoneos iphonesimulator";
				SUPPORTS_MACCATALYST = NO;
				SWIFT_EMIT_LOC_STRINGS = YES;
				SWIFT_VERSION = 5.0;
				TARGETED_DEVICE_FAMILY = 1;
			};
			name = Debug;
		};
		338B14CC2B49D293000375B9 /* Release */ = {
			isa = XCBuildConfiguration;
			buildSettings = {
				ASSETCATALOG_COMPILER_APPICON_NAME = AppIcon;
				ASSETCATALOG_COMPILER_GLOBAL_ACCENT_COLOR_NAME = AccentColor;
				CODE_SIGN_STYLE = Automatic;
				CURRENT_PROJECT_VERSION = 1;
				DEVELOPMENT_TEAM = TXZ76G94KG;
				GENERATE_INFOPLIST_FILE = YES;
				INFOPLIST_FILE = GHFollowers/Support/Info.plist;
				INFOPLIST_KEY_UIApplicationSupportsIndirectInputEvents = YES;
				INFOPLIST_KEY_UILaunchStoryboardName = LaunchScreen;
				INFOPLIST_KEY_UISupportedInterfaceOrientations = UIInterfaceOrientationPortrait;
				INFOPLIST_KEY_UISupportedInterfaceOrientations_iPad = "UIInterfaceOrientationLandscapeLeft UIInterfaceOrientationLandscapeRight UIInterfaceOrientationPortrait UIInterfaceOrientationPortraitUpsideDown";
				LD_RUNPATH_SEARCH_PATHS = (
					"$(inherited)",
					"@executable_path/Frameworks",
				);
				MARKETING_VERSION = 1.0;
				PRODUCT_BUNDLE_IDENTIFIER = com.cerengunes.GHFollowers;
				PRODUCT_NAME = "$(TARGET_NAME)";
				SUPPORTED_PLATFORMS = "iphoneos iphonesimulator";
				SUPPORTS_MACCATALYST = NO;
				SWIFT_EMIT_LOC_STRINGS = YES;
				SWIFT_VERSION = 5.0;
				TARGETED_DEVICE_FAMILY = 1;
			};
			name = Release;
		};
/* End XCBuildConfiguration section */

/* Begin XCConfigurationList section */
		338B14B12B49D28D000375B9 /* Build configuration list for PBXProject "GHFollowers" */ = {
			isa = XCConfigurationList;
			buildConfigurations = (
				338B14C82B49D293000375B9 /* Debug */,
				338B14C92B49D293000375B9 /* Release */,
			);
			defaultConfigurationIsVisible = 0;
			defaultConfigurationName = Release;
		};
		338B14CA2B49D293000375B9 /* Build configuration list for PBXNativeTarget "GHFollowers" */ = {
			isa = XCConfigurationList;
			buildConfigurations = (
				338B14CB2B49D293000375B9 /* Debug */,
				338B14CC2B49D293000375B9 /* Release */,
			);
			defaultConfigurationIsVisible = 0;
			defaultConfigurationName = Release;
		};
/* End XCConfigurationList section */
	};
	rootObject = 338B14AE2B49D28D000375B9 /* Project object */;
}
